# THIS IS AN AUTOGENERATED FILE. DO NOT EDIT THIS FILE DIRECTLY.
# yarn lockfile v1


"@lights-on-projects/prettier-config@^1.0.0":
  version "1.0.0"
  resolved "https://npm.pkg.github.com/download/@lights-on-projects/prettier-config/1.0.0/6259dda2194371b5e268e67888662c4d0d88d689"
  integrity sha512-Iom0zwh1jiSdHTRyNxuDaOahZYbl/C1QV6IuASyFfFmzXFBcugFYOCnkKPX0m32njMuEIBk/r2+ZWuGjnDQFfg==

prettier@^3.3.3:
  version "3.3.3"
  resolved "https://registry.npmjs.org/prettier/-/prettier-3.3.3.tgz"
  integrity sha512-i2tDNA0O5IrMO757lfrdQZCc2jPNDVntV0m/+4whiDfWaTKfMNgR7Qz0NAeGz/nRqF4m5/6CLzbP4/liHt12Ew==

typescript@^5.6.3:
  version "5.6.3"
  resolved "https://registry.npmjs.org/typescript/-/typescript-5.6.3.tgz"
  integrity sha512-hjcS1mhfuyi4WW8IWtjP7brDrG2cuDZukyrYrSauoXGNgx0S7zceP07adYkJycEr56BOUTNPzbInooiN3fn1qw==
